
Microsoft Visual Studio Solution File, Format Version 12.00
# Visual Studio Version 17
VisualStudioVersion = 17.7.34009.444
MinimumVisualStudioVersion = 10.0.40219.1
Project("{FAE04EC0-301F-11D3-BF4B-00C04F79EFBC}") = "AiIntegrationMeetup", "AiIntegrationMeetup.csproj", "{1962E495-D2A6-4B92-8DC2-6DFCFC77EC76}"
EndProject
Global
	GlobalSection(SolutionConfigurationPlatforms) = preSolution
		Debug|Any CPU = Debug|Any CPU
		Release|Any CPU = Release|Any CPU
	EndGlobalSection
	GlobalSection(ProjectConfigurationPlatforms) = postSolution
		{1962E495-D2A6-4B92-8DC2-6DFCFC77EC76}.Debug|Any CPU.ActiveCfg = Debug|Any CPU
		{1962E495-D2A6-4B92-8DC2-6DFCFC77EC76}.Debug|Any CPU.Build.0 = Debug|Any CPU
		{1962E495-D2A6-4B92-8DC2-6DFCFC77EC76}.Release|Any CPU.ActiveCfg = Release|Any CPU
		{1962E495-D2A6-4B92-8DC2-6DFCFC77EC76}.Release|Any CPU.Build.0 = Release|Any CPU
	EndGlobalSection
	GlobalSection(SolutionProperties) = preSolution
		HideSolutionNode = FALSE
	EndGlobalSection
	GlobalSection(ExtensibilityGlobals) = postSolution
		SolutionGuid = {E4B47CB2-D49B-4420-A360-6D0C56ED67C1}
	EndGlobalSection
EndGlobal
